
Microsoft Visual Studio Solution File, Format Version 12.00
# Visual Studio Version 16
VisualStudioVersion = 16.0.30225.117
MinimumVisualStudioVersion = 10.0.40219.1
Project("{8BC9CEB8-8B4A-11D0-8D11-00A0C91BC942}") = "Task2.1P_Matrix_Mult", "Task2.1P_Matrix_Mult.vcxproj", "{DB4CD0CD-0CD7-412F-9018-1F3B9898F6E3}"
EndProject
Global
	GlobalSection(SolutionConfigurationPlatforms) = preSolution
		Debug|x64 = Debug|x64
		Debug|x86 = Debug|x86
		Release|x64 = Release|x64
		Release|x86 = Release|x86
	EndGlobalSection
	GlobalSection(ProjectConfigurationPlatforms) = postSolution
		{DB4CD0CD-0CD7-412F-9018-1F3B9898F6E3}.Debug|x64.ActiveCfg = Debug|x64
		{DB4CD0CD-0CD7-412F-9018-1F3B9898F6E3}.Debug|x64.Build.0 = Debug|x64
		{DB4CD0CD-0CD7-412F-9018-1F3B9898F6E3}.Debug|x86.ActiveCfg = Debug|Win32
		{DB4CD0CD-0CD7-412F-9018-1F3B9898F6E3}.Debug|x86.Build.0 = Debug|Win32
		{DB4CD0CD-0CD7-412F-9018-1F3B9898F6E3}.Release|x64.ActiveCfg = Release|x64
		{DB4CD0CD-0CD7-412F-9018-1F3B9898F6E3}.Release|x64.Build.0 = Release|x64
		{DB4CD0CD-0CD7-412F-9018-1F3B9898F6E3}.Release|x86.ActiveCfg = Release|Win32
		{DB4CD0CD-0CD7-412F-9018-1F3B9898F6E3}.Release|x86.Build.0 = Release|Win32
	EndGlobalSection
	GlobalSection(SolutionProperties) = preSolution
		HideSolutionNode = FALSE
	EndGlobalSection
	GlobalSection(ExtensibilityGlobals) = postSolution
		SolutionGuid = {0221F64E-3D5B-49C7-A734-DA54F871DB33}
	EndGlobalSection
EndGlobal
